{
  "name": "TradeLensForcast",
  "lockfileVersion": 3,
  "requires": true,
  "packages": {
    "": {
      "dependencies": {
        "@types/ace": "^0.0.52",
        "ace-builds": "^1.37.4"
      }
    },
    "node_modules/@types/ace": {
      "version": "0.0.52",
      "resolved": "https://registry.npmjs.org/@types/ace/-/ace-0.0.52.tgz",
      "integrity": "sha512-YPF9S7fzpuyrxru+sG/rrTpZkC6gpHBPF14W3x70kqVOD+ks6jkYLapk4yceh36xej7K4HYxcyz9ZDQ2lTvwgQ==",
      "license": "MIT"
    },
    "node_modules/ace-builds": {
      "version": "1.37.4",
      "resolved": "https://registry.npmjs.org/ace-builds/-/ace-builds-1.37.4.tgz",
      "integrity": "sha512-niaXM/b7Nm6l/GKpc/jtG0jjExBOkqRN1pZbyV/ngb3GrQQF5fCB2032n5qaaAr7hWSGbc+PGfZ3C0LsmYQptA==",
      "license": "BSD-3-Clause"
    }
  }
}
